// !$*UTF8*$!
{
	archiveVersion = 1;
	classes = {
	};
	objectVersion = 50;
	objects = {

/* Begin PBXBuildFile section */
		ECFCB64520F27392003B8A2F /* AppDelegate.swift in Sources */ = {isa = PBXBuildFile; fileRef = ECFCB64420F27392003B8A2F /* AppDelegate.swift */; };
		ECFCB64720F27392003B8A2F /* ViewController.swift in Sources */ = {isa = PBXBuildFile; fileRef = ECFCB64620F27392003B8A2F /* ViewController.swift */; };
		ECFCB64A20F27392003B8A2F /* Main.storyboard in Resources */ = {isa = PBXBuildFile; fileRef = ECFCB64820F27392003B8A2F /* Main.storyboard */; };
		ECFCB64C20F27394003B8A2F /* Assets.xcassets in Resources */ = {isa = PBXBuildFile; fileRef = ECFCB64B20F27394003B8A2F /* Assets.xcassets */; };
		ECFCB64F20F27394003B8A2F /* LaunchScreen.storyboard in Resources */ = {isa = PBXBuildFile; fileRef = ECFCB64D20F27394003B8A2F /* LaunchScreen.storyboard */; };
		ECFCB65920F273DA003B8A2F /* DemoViewController.m in Sources */ = {isa = PBXBuildFile; fileRef = ECFCB65820F273DA003B8A2F /* DemoViewController.m */; };
/* End PBXBuildFile section */

/* Begin PBXFileReference section */
		ECFCB64120F27392003B8A2F /* 16-OC{}的坑.app */ = {isa = PBXFileReference; explicitFileType = wrapper.application; includeInIndex = 0; path = "16-OC{}的坑.app"; sourceTree = BUILT_PRODUCTS_DIR; };
		ECFCB64420F27392003B8A2F /* AppDelegate.swift */ = {isa = PBXFileReference; lastKnownFileType = sourcecode.swift; path = AppDelegate.swift; sourceTree = "<group>"; };
		ECFCB64620F27392003B8A2F /* ViewController.swift */ = {isa = PBXFileReference; lastKnownFileType = sourcecode.swift; path = ViewController.swift; sourceTree = "<group>"; };
		ECFCB64920F27392003B8A2F /* Base */ = {isa = PBXFileReference; lastKnownFileType = file.storyboard; name = Base; path = Base.lproj/Main.storyboard; sourceTree = "<group>"; };
		ECFCB64B20F27394003B8A2F /* Assets.xcassets */ = {isa = PBXFileReference; lastKnownFileType = folder.assetcatalog; path = Assets.xcassets; sourceTree = "<group>"; };
		ECFCB64E20F27394003B8A2F /* Base */ = {isa = PBXFileReference; lastKnownFileType = file.storyboard; name = Base; path = Base.lproj/LaunchScreen.storyboard; sourceTree = "<group>"; };
		ECFCB65020F27394003B8A2F /* Info.plist */ = {isa = PBXFileReference; lastKnownFileType = text.plist.xml; path = Info.plist; sourceTree = "<group>"; };
		ECFCB65620F273D9003B8A2F /* 16-OC{}的坑-Bridging-Header.h */ = {isa = PBXFileReference; lastKnownFileType = sourcecode.c.h; path = "16-OC{}的坑-Bridging-Header.h"; sourceTree = "<group>"; };
		ECFCB65720F273DA003B8A2F /* DemoViewController.h */ = {isa = PBXFileReference; lastKnownFileType = sourcecode.c.h; path = DemoViewController.h; sourceTree = "<group>"; };
		ECFCB65820F273DA003B8A2F /* DemoViewController.m */ = {isa = PBXFileReference; lastKnownFileType = sourcecode.c.objc; path = DemoViewController.m; sourceTree = "<group>"; };
/* End PBXFileReference section */

/* Begin PBXFrameworksBuildPhase section */
		ECFCB63E20F27392003B8A2F /* Frameworks */ = {
			isa = PBXFrameworksBuildPhase;
			buildActionMask = 2147483647;
			files = (
			);
			runOnlyForDeploymentPostprocessing = 0;
		};
/* End PBXFrameworksBuildPhase section */

/* Begin PBXGroup section */
		ECFCB63820F27392003B8A2F = {
			isa = PBXGroup;
			children = (
				ECFCB64320F27392003B8A2F /* 16-OC{}的坑 */,
				ECFCB64220F27392003B8A2F /* Products */,
			);
			sourceTree = "<group>";
		};
		ECFCB64220F27392003B8A2F /* Products */ = {
			isa = PBXGroup;
			children = (
				ECFCB64120F27392003B8A2F /* 16-OC{}的坑.app */,
			);
			name = Products;
			sourceTree = "<group>";
		};
		ECFCB64320F27392003B8A2F /* 16-OC{}的坑 */ = {
			isa = PBXGroup;
			children = (
				ECFCB64420F27392003B8A2F /* AppDelegate.swift */,
				ECFCB64620F27392003B8A2F /* ViewController.swift */,
				ECFCB65720F273DA003B8A2F /* DemoViewController.h */,
				ECFCB65820F273DA003B8A2F /* DemoViewController.m */,
				ECFCB64820F27392003B8A2F /* Main.storyboard */,
				ECFCB64B20F27394003B8A2F /* Assets.xcassets */,
				ECFCB64D20F27394003B8A2F /* LaunchScreen.storyboard */,
				ECFCB65020F27394003B8A2F /* Info.plist */,
				ECFCB65620F273D9003B8A2F /* 16-OC{}的坑-Bridging-Header.h */,
			);
			path = "16-OC{}的坑";
			sourceTree = "<group>";
		};
/* End PBXGroup section */

/* Begin PBXNativeTarget section */
		ECFCB64020F27392003B8A2F /* 16-OC{}的坑 */ = {
			isa = PBXNativeTarget;
			buildConfigurationList = ECFCB65320F27394003B8A2F /* Build configuration list for PBXNativeTarget "16-OC{}的坑" */;
			buildPhases = (
				ECFCB63D20F27392003B8A2F /* Sources */,
				ECFCB63E20F27392003B8A2F /* Frameworks */,
				ECFCB63F20F27392003B8A2F /* Resources */,
			);
			buildRules = (
			);
			dependencies = (
			);
			name = "16-OC{}的坑";
			productName = "16-OC{}的坑";
			productReference = ECFCB64120F27392003B8A2F /* 16-OC{}的坑.app */;
			productType = "com.apple.product-type.application";
		};
/* End PBXNativeTarget section */

/* Begin PBXProject section */
		ECFCB63920F27392003B8A2F /* Project object */ = {
			isa = PBXProject;
			attributes = {
				LastSwiftUpdateCheck = 0940;
				LastUpgradeCheck = 0940;
				ORGANIZATIONNAME = "汪大强";
				TargetAttributes = {
					ECFCB64020F27392003B8A2F = {
						CreatedOnToolsVersion = 9.4.1;
						LastSwiftMigration = 0940;
					};
				};
			};
			buildConfigurationList = ECFCB63C20F27392003B8A2F /* Build configuration list for PBXProject "16-OC{}的坑" */;
			compatibilityVersion = "Xcode 9.3";
			developmentRegion = en;
			hasScannedForEncodings = 0;
			knownRegions = (
				en,
				Base,
			);
			mainGroup = ECFCB63820F27392003B8A2F;
			productRefGroup = ECFCB64220F27392003B8A2F /* Products */;
			projectDirPath = "";
			projectRoot = "";
			targets = (
				ECFCB64020F27392003B8A2F /* 16-OC{}的坑 */,
			);
		};
/* End PBXProject section */

/* Begin PBXResourcesBuildPhase section */
		ECFCB63F20F27392003B8A2F /* Resources */ = {
			isa = PBXResourcesBuildPhase;
			buildActionMask = 2147483647;
			files = (
				ECFCB64F20F27394003B8A2F /* LaunchScreen.storyboard in Resources */,
				ECFCB64C20F27394003B8A2F /* Assets.xcassets in Resources */,
				ECFCB64A20F27392003B8A2F /* Main.storyboard in Resources */,
			);
			runOnlyForDeploymentPostprocessing = 0;
		};
/* End PBXResourcesBuildPhase section */

/* Begin PBXSourcesBuildPhase section */
		ECFCB63D20F27392003B8A2F /* Sources */ = {
			isa = PBXSourcesBuildPhase;
			buildActionMask = 2147483647;
			files = (
				ECFCB65920F273DA003B8A2F /* DemoViewController.m in Sources */,
				ECFCB64720F27392003B8A2F /* ViewController.swift in Sources */,
				ECFCB64520F27392003B8A2F /* AppDelegate.swift in Sources */,
			);
			runOnlyForDeploymentPostprocessing = 0;
		};
/* End PBXSourcesBuildPhase section */

/* Begin PBXVariantGroup section */
		ECFCB64820F27392003B8A2F /* Main.storyboard */ = {
			isa = PBXVariantGroup;
			children = (
				ECFCB64920F27392003B8A2F /* Base */,
			);
			name = Main.storyboard;
			sourceTree = "<group>";
		};
		ECFCB64D20F27394003B8A2F /* LaunchScreen.storyboard */ = {
			isa = PBXVariantGroup;
			children = (
				ECFCB64E20F27394003B8A2F /* Base */,
			);
			name = LaunchScreen.storyboard;
			sourceTree = "<group>";
		};
/* End PBXVariantGroup section */

/* Begin XCBuildConfiguration section */
		ECFCB65120F27394003B8A2F /* Debug */ = {
			isa = XCBuildConfiguration;
			buildSettings = {
				ALWAYS_SEARCH_USER_PATHS = NO;
				CLANG_ANALYZER_NONNULL = YES;
				CLANG_ANALYZER_NUMBER_OBJECT_CONVERSION = YES_AGGRESSIVE;
				CLANG_CXX_LANGUAGE_STANDARD = "gnu++14";
				CLANG_CXX_LIBRARY = "libc++";
				CLANG_ENABLE_MODULES = YES;
				CLANG_ENABLE_OBJC_ARC = YES;
				CLANG_ENABLE_OBJC_WEAK = YES;
				CLANG_WARN_BLOCK_CAPTURE_AUTORELEASING = YES;
				CLANG_WARN_BOOL_CONVERSION = YES;
				CLANG_WARN_COMMA = YES;
				CLANG_WARN_CONSTANT_CONVERSION = YES;
				CLANG_WARN_DEPRECATED_OBJC_IMPLEMENTATIONS = YES;
				CLANG_WARN_DIRECT_OBJC_ISA_USAGE = YES_ERROR;
				CLANG_WARN_DOCUMENTATION_COMMENTS = YES;
				CLANG_WARN_EMPTY_BODY = YES;
				CLANG_WARN_ENUM_CONVERSION = YES;
				CLANG_WARN_INFINITE_RECURSION = YES;
				CLANG_WARN_INT_CONVERSION = YES;
				CLANG_WARN_NON_LITERAL_NULL_CONVERSION = YES;
				CLANG_WARN_OBJC_IMPLICIT_RETAIN_SELF = YES;
				CLANG_WARN_OBJC_LITERAL_CONVERSION = YES;
				CLANG_WARN_OBJC_ROOT_CLASS = YES_ERROR;
				CLANG_WARN_RANGE_LOOP_ANALYSIS = YES;
				CLANG_WARN_STRICT_PROTOTYPES = YES;
				CLANG_WARN_SUSPICIOUS_MOVE = YES;
				CLANG_WARN_UNGUARDED_AVAILABILITY = YES_AGGRESSIVE;
				CLANG_WARN_UNREACHABLE_CODE = YES;
				CLANG_WARN__DUPLICATE_METHOD_MATCH = YES;
				CODE_SIGN_IDENTITY = "iPhone Developer";
				COPY_PHASE_STRIP = NO;
				DEBUG_INFORMATION_FORMAT = dwarf;
				ENABLE_STRICT_OBJC_MSGSEND = YES;
				ENABLE_TESTABILITY = YES;
				GCC_C_LANGUAGE_STANDARD = gnu11;
				GCC_DYNAMIC_NO_PIC = NO;
				GCC_NO_COMMON_BLOCKS = YES;
				GCC_OPTIMIZATION_LEVEL = 0;
				GCC_PREPROCESSOR_DEFINITIONS = (
					"DEBUG=1",
					"$(inherited)",
				);
				GCC_WARN_64_TO_32_BIT_CONVERSION = YES;
				GCC_WARN_ABOUT_RETURN_TYPE = YES_ERROR;
				GCC_WARN_UNDECLARED_SELECTOR = YES;
				GCC_WARN_UNINITIALIZED_AUTOS = YES_AGGRESSIVE;
				GCC_WARN_UNUSED_FUNCTION = YES;
				GCC_WARN_UNUSED_VARIABLE = YES;
				IPHONEOS_DEPLOYMENT_TARGET = 11.4;
				MTL_ENABLE_DEBUG_INFO = YES;
				ONLY_ACTIVE_ARCH = YES;
				SDKROOT = iphoneos;
				SWIFT_ACTIVE_COMPILATION_CONDITIONS = DEBUG;
				SWIFT_OPTIMIZATION_LEVEL = "-Onone";
			};
			name = Debug;
		};
		ECFCB65220F27394003B8A2F /* Release */ = {
			isa = XCBuildConfiguration;
			buildSettings = {
				ALWAYS_SEARCH_USER_PATHS = NO;
				CLANG_ANALYZER_NONNULL = YES;
				CLANG_ANALYZER_NUMBER_OBJECT_CONVERSION = YES_AGGRESSIVE;
				CLANG_CXX_LANGUAGE_STANDARD = "gnu++14";
				CLANG_CXX_LIBRARY = "libc++";
				CLANG_ENABLE_MODULES = YES;
				CLANG_ENABLE_OBJC_ARC = YES;
				CLANG_ENABLE_OBJC_WEAK = YES;
				CLANG_WARN_BLOCK_CAPTURE_AUTORELEASING = YES;
				CLANG_WARN_BOOL_CONVERSION = YES;
				CLANG_WARN_COMMA = YES;
				CLANG_WARN_CONSTANT_CONVERSION = YES;
				CLANG_WARN_DEPRECATED_OBJC_IMPLEMENTATIONS = YES;
				CLANG_WARN_DIRECT_OBJC_ISA_USAGE = YES_ERROR;
				CLANG_WARN_DOCUMENTATION_COMMENTS = YES;
				CLANG_WARN_EMPTY_BODY = YES;
				CLANG_WARN_ENUM_CONVERSION = YES;
				CLANG_WARN_INFINITE_RECURSION = YES;
				CLANG_WARN_INT_CONVERSION = YES;
				CLANG_WARN_NON_LITERAL_NULL_CONVERSION = YES;
				CLANG_WARN_OBJC_IMPLICIT_RETAIN_SELF = YES;
				CLANG_WARN_OBJC_LITERAL_CONVERSION = YES;
				CLANG_WARN_OBJC_ROOT_CLASS = YES_ERROR;
				CLANG_WARN_RANGE_LOOP_ANALYSIS = YES;
				CLANG_WARN_STRICT_PROTOTYPES = YES;
				CLANG_WARN_SUSPICIOUS_MOVE = YES;
				CLANG_WARN_UNGUARDED_AVAILABILITY = YES_AGGRESSIVE;
				CLANG_WARN_UNREACHABLE_CODE = YES;
				CLANG_WARN__DUPLICATE_METHOD_MATCH = YES;
				CODE_SIGN_IDENTITY = "iPhone Developer";
				COPY_PHASE_STRIP = NO;
				DEBUG_INFORMATION_FORMAT = "dwarf-with-dsym";
				ENABLE_NS_ASSERTIONS = NO;
				ENABLE_STRICT_OBJC_MSGSEND = YES;
				GCC_C_LANGUAGE_STANDARD = gnu11;
				GCC_NO_COMMON_BLOCKS = YES;
				GCC_WARN_64_TO_32_BIT_CONVERSION = YES;
				GCC_WARN_ABOUT_RETURN_TYPE = YES_ERROR;
				GCC_WARN_UNDECLARED_SELECTOR = YES;
				GCC_WARN_UNINITIALIZED_AUTOS = YES_AGGRESSIVE;
				GCC_WARN_UNUSED_FUNCTION = YES;
				GCC_WARN_UNUSED_VARIABLE = YES;
				IPHONEOS_DEPLOYMENT_TARGET = 11.4;
				MTL_ENABLE_DEBUG_INFO = NO;
				SDKROOT = iphoneos;
				SWIFT_COMPILATION_MODE = wholemodule;
				SWIFT_OPTIMIZATION_LEVEL = "-O";
				VALIDATE_PRODUCT = YES;
			};
			name = Release;
		};
		ECFCB65420F27394003B8A2F /* Debug */ = {
			isa = XCBuildConfiguration;
			buildSettings = {
				ASSETCATALOG_COMPILER_APPICON_NAME = AppIcon;
				CLANG_ENABLE_MODULES = YES;
				CODE_SIGN_STYLE = Automatic;
				DEVELOPMENT_TEAM = PXKRS4XWUT;
				INFOPLIST_FILE = "16-OC{}的坑/Info.plist";
				LD_RUNPATH_SEARCH_PATHS = (
					"$(inherited)",
					"@executable_path/Frameworks",
				);
				PRODUCT_BUNDLE_IDENTIFIER = "cn.wdq.-6-OC----";
				PRODUCT_NAME = "$(TARGET_NAME)";
				SWIFT_OBJC_BRIDGING_HEADER = "16-OC{}的坑/16-OC{}的坑-Bridging-Header.h";
				SWIFT_OPTIMIZATION_LEVEL = "-Onone";
				SWIFT_VERSION = 4.0;
				TARGETED_DEVICE_FAMILY = "1,2";
			};
			name = Debug;
		};
		ECFCB65520F27394003B8A2F /* Release */ = {
			isa = XCBuildConfiguration;
			buildSettings = {
				ASSETCATALOG_COMPILER_APPICON_NAME = AppIcon;
				CLANG_ENABLE_MODULES = YES;
				CODE_SIGN_STYLE = Automatic;
				DEVELOPMENT_TEAM = PXKRS4XWUT;
				INFOPLIST_FILE = "16-OC{}的坑/Info.plist";
				LD_RUNPATH_SEARCH_PATHS = (
					"$(inherited)",
					"@executable_path/Frameworks",
				);
				PRODUCT_BUNDLE_IDENTIFIER = "cn.wdq.-6-OC----";
				PRODUCT_NAME = "$(TARGET_NAME)";
				SWIFT_OBJC_BRIDGING_HEADER = "16-OC{}的坑/16-OC{}的坑-Bridging-Header.h";
				SWIFT_VERSION = 4.0;
				TARGETED_DEVICE_FAMILY = "1,2";
			};
			name = Release;
		};
/* End XCBuildConfiguration section */

/* Begin XCConfigurationList section */
		ECFCB63C20F27392003B8A2F /* Build configuration list for PBXProject "16-OC{}的坑" */ = {
			isa = XCConfigurationList;
			buildConfigurations = (
				ECFCB65120F27394003B8A2F /* Debug */,
				ECFCB65220F27394003B8A2F /* Release */,
			);
			defaultConfigurationIsVisible = 0;
			defaultConfigurationName = Release;
		};
		ECFCB65320F27394003B8A2F /* Build configuration list for PBXNativeTarget "16-OC{}的坑" */ = {
			isa = XCConfigurationList;
			buildConfigurations = (
				ECFCB65420F27394003B8A2F /* Debug */,
				ECFCB65520F27394003B8A2F /* Release */,
			);
			defaultConfigurationIsVisible = 0;
			defaultConfigurationName = Release;
		};
/* End XCConfigurationList section */
	};
	rootObject = ECFCB63920F27392003B8A2F /* Project object */;
}
