// !$*UTF8*$!
{
	archiveVersion = 1;
	classes = {
	};
	objectVersion = 50;
	objects = {

/* Begin PBXBuildFile section */
		ECFF358C20F118510088EF96 /* AppDelegate.m in Sources */ = {isa = PBXBuildFile; fileRef = ECFF358B20F118510088EF96 /* AppDelegate.m */; };
		ECFF358F20F118510088EF96 /* ViewController.m in Sources */ = {isa = PBXBuildFile; fileRef = ECFF358E20F118510088EF96 /* ViewController.m */; };
		ECFF359220F118510088EF96 /* Main.storyboard in Resources */ = {isa = PBXBuildFile; fileRef = ECFF359020F118510088EF96 /* Main.storyboard */; };
		ECFF359420F118530088EF96 /* Assets.xcassets in Resources */ = {isa = PBXBuildFile; fileRef = ECFF359320F118530088EF96 /* Assets.xcassets */; };
		ECFF359720F118530088EF96 /* LaunchScreen.storyboard in Resources */ = {isa = PBXBuildFile; fileRef = ECFF359520F118530088EF96 /* LaunchScreen.storyboard */; };
		ECFF359A20F118530088EF96 /* main.m in Sources */ = {isa = PBXBuildFile; fileRef = ECFF359920F118530088EF96 /* main.m */; };
/* End PBXBuildFile section */

/* Begin PBXFileReference section */
		ECFF358720F118510088EF96 /* 06-OC演练.app */ = {isa = PBXFileReference; explicitFileType = wrapper.application; includeInIndex = 0; path = "06-OC演练.app"; sourceTree = BUILT_PRODUCTS_DIR; };
		ECFF358A20F118510088EF96 /* AppDelegate.h */ = {isa = PBXFileReference; lastKnownFileType = sourcecode.c.h; path = AppDelegate.h; sourceTree = "<group>"; };
		ECFF358B20F118510088EF96 /* AppDelegate.m */ = {isa = PBXFileReference; lastKnownFileType = sourcecode.c.objc; path = AppDelegate.m; sourceTree = "<group>"; };
		ECFF358D20F118510088EF96 /* ViewController.h */ = {isa = PBXFileReference; lastKnownFileType = sourcecode.c.h; path = ViewController.h; sourceTree = "<group>"; };
		ECFF358E20F118510088EF96 /* ViewController.m */ = {isa = PBXFileReference; lastKnownFileType = sourcecode.c.objc; path = ViewController.m; sourceTree = "<group>"; };
		ECFF359120F118510088EF96 /* Base */ = {isa = PBXFileReference; lastKnownFileType = file.storyboard; name = Base; path = Base.lproj/Main.storyboard; sourceTree = "<group>"; };
		ECFF359320F118530088EF96 /* Assets.xcassets */ = {isa = PBXFileReference; lastKnownFileType = folder.assetcatalog; path = Assets.xcassets; sourceTree = "<group>"; };
		ECFF359620F118530088EF96 /* Base */ = {isa = PBXFileReference; lastKnownFileType = file.storyboard; name = Base; path = Base.lproj/LaunchScreen.storyboard; sourceTree = "<group>"; };
		ECFF359820F118530088EF96 /* Info.plist */ = {isa = PBXFileReference; lastKnownFileType = text.plist.xml; path = Info.plist; sourceTree = "<group>"; };
		ECFF359920F118530088EF96 /* main.m */ = {isa = PBXFileReference; lastKnownFileType = sourcecode.c.objc; path = main.m; sourceTree = "<group>"; };
/* End PBXFileReference section */

/* Begin PBXFrameworksBuildPhase section */
		ECFF358420F118510088EF96 /* Frameworks */ = {
			isa = PBXFrameworksBuildPhase;
			buildActionMask = 2147483647;
			files = (
			);
			runOnlyForDeploymentPostprocessing = 0;
		};
/* End PBXFrameworksBuildPhase section */

/* Begin PBXGroup section */
		ECFF357E20F118510088EF96 = {
			isa = PBXGroup;
			children = (
				ECFF358920F118510088EF96 /* 06-OC演练 */,
				ECFF358820F118510088EF96 /* Products */,
			);
			sourceTree = "<group>";
		};
		ECFF358820F118510088EF96 /* Products */ = {
			isa = PBXGroup;
			children = (
				ECFF358720F118510088EF96 /* 06-OC演练.app */,
			);
			name = Products;
			sourceTree = "<group>";
		};
		ECFF358920F118510088EF96 /* 06-OC演练 */ = {
			isa = PBXGroup;
			children = (
				ECFF358A20F118510088EF96 /* AppDelegate.h */,
				ECFF358B20F118510088EF96 /* AppDelegate.m */,
				ECFF358D20F118510088EF96 /* ViewController.h */,
				ECFF358E20F118510088EF96 /* ViewController.m */,
				ECFF359020F118510088EF96 /* Main.storyboard */,
				ECFF359320F118530088EF96 /* Assets.xcassets */,
				ECFF359520F118530088EF96 /* LaunchScreen.storyboard */,
				ECFF359820F118530088EF96 /* Info.plist */,
				ECFF359920F118530088EF96 /* main.m */,
			);
			path = "06-OC演练";
			sourceTree = "<group>";
		};
/* End PBXGroup section */

/* Begin PBXNativeTarget section */
		ECFF358620F118510088EF96 /* 06-OC演练 */ = {
			isa = PBXNativeTarget;
			buildConfigurationList = ECFF359D20F118530088EF96 /* Build configuration list for PBXNativeTarget "06-OC演练" */;
			buildPhases = (
				ECFF358320F118510088EF96 /* Sources */,
				ECFF358420F118510088EF96 /* Frameworks */,
				ECFF358520F118510088EF96 /* Resources */,
			);
			buildRules = (
			);
			dependencies = (
			);
			name = "06-OC演练";
			productName = "06-OC演练";
			productReference = ECFF358720F118510088EF96 /* 06-OC演练.app */;
			productType = "com.apple.product-type.application";
		};
/* End PBXNativeTarget section */

/* Begin PBXProject section */
		ECFF357F20F118510088EF96 /* Project object */ = {
			isa = PBXProject;
			attributes = {
				LastUpgradeCheck = 0940;
				ORGANIZATIONNAME = "汪大强";
				TargetAttributes = {
					ECFF358620F118510088EF96 = {
						CreatedOnToolsVersion = 9.4.1;
					};
				};
			};
			buildConfigurationList = ECFF358220F118510088EF96 /* Build configuration list for PBXProject "06-OC演练" */;
			compatibilityVersion = "Xcode 9.3";
			developmentRegion = en;
			hasScannedForEncodings = 0;
			knownRegions = (
				en,
				Base,
			);
			mainGroup = ECFF357E20F118510088EF96;
			productRefGroup = ECFF358820F118510088EF96 /* Products */;
			projectDirPath = "";
			projectRoot = "";
			targets = (
				ECFF358620F118510088EF96 /* 06-OC演练 */,
			);
		};
/* End PBXProject section */

/* Begin PBXResourcesBuildPhase section */
		ECFF358520F118510088EF96 /* Resources */ = {
			isa = PBXResourcesBuildPhase;
			buildActionMask = 2147483647;
			files = (
				ECFF359720F118530088EF96 /* LaunchScreen.storyboard in Resources */,
				ECFF359420F118530088EF96 /* Assets.xcassets in Resources */,
				ECFF359220F118510088EF96 /* Main.storyboard in Resources */,
			);
			runOnlyForDeploymentPostprocessing = 0;
		};
/* End PBXResourcesBuildPhase section */

/* Begin PBXSourcesBuildPhase section */
		ECFF358320F118510088EF96 /* Sources */ = {
			isa = PBXSourcesBuildPhase;
			buildActionMask = 2147483647;
			files = (
				ECFF358F20F118510088EF96 /* ViewController.m in Sources */,
				ECFF359A20F118530088EF96 /* main.m in Sources */,
				ECFF358C20F118510088EF96 /* AppDelegate.m in Sources */,
			);
			runOnlyForDeploymentPostprocessing = 0;
		};
/* End PBXSourcesBuildPhase section */

/* Begin PBXVariantGroup section */
		ECFF359020F118510088EF96 /* Main.storyboard */ = {
			isa = PBXVariantGroup;
			children = (
				ECFF359120F118510088EF96 /* Base */,
			);
			name = Main.storyboard;
			sourceTree = "<group>";
		};
		ECFF359520F118530088EF96 /* LaunchScreen.storyboard */ = {
			isa = PBXVariantGroup;
			children = (
				ECFF359620F118530088EF96 /* Base */,
			);
			name = LaunchScreen.storyboard;
			sourceTree = "<group>";
		};
/* End PBXVariantGroup section */

/* Begin XCBuildConfiguration section */
		ECFF359B20F118530088EF96 /* Debug */ = {
			isa = XCBuildConfiguration;
			buildSettings = {
				ALWAYS_SEARCH_USER_PATHS = NO;
				CLANG_ANALYZER_NONNULL = YES;
				CLANG_ANALYZER_NUMBER_OBJECT_CONVERSION = YES_AGGRESSIVE;
				CLANG_CXX_LANGUAGE_STANDARD = "gnu++14";
				CLANG_CXX_LIBRARY = "libc++";
				CLANG_ENABLE_MODULES = YES;
				CLANG_ENABLE_OBJC_ARC = YES;
				CLANG_ENABLE_OBJC_WEAK = YES;
				CLANG_WARN_BLOCK_CAPTURE_AUTORELEASING = YES;
				CLANG_WARN_BOOL_CONVERSION = YES;
				CLANG_WARN_COMMA = YES;
				CLANG_WARN_CONSTANT_CONVERSION = YES;
				CLANG_WARN_DEPRECATED_OBJC_IMPLEMENTATIONS = YES;
				CLANG_WARN_DIRECT_OBJC_ISA_USAGE = YES_ERROR;
				CLANG_WARN_DOCUMENTATION_COMMENTS = YES;
				CLANG_WARN_EMPTY_BODY = YES;
				CLANG_WARN_ENUM_CONVERSION = YES;
				CLANG_WARN_INFINITE_RECURSION = YES;
				CLANG_WARN_INT_CONVERSION = YES;
				CLANG_WARN_NON_LITERAL_NULL_CONVERSION = YES;
				CLANG_WARN_OBJC_IMPLICIT_RETAIN_SELF = YES;
				CLANG_WARN_OBJC_LITERAL_CONVERSION = YES;
				CLANG_WARN_OBJC_ROOT_CLASS = YES_ERROR;
				CLANG_WARN_RANGE_LOOP_ANALYSIS = YES;
				CLANG_WARN_STRICT_PROTOTYPES = YES;
				CLANG_WARN_SUSPICIOUS_MOVE = YES;
				CLANG_WARN_UNGUARDED_AVAILABILITY = YES_AGGRESSIVE;
				CLANG_WARN_UNREACHABLE_CODE = YES;
				CLANG_WARN__DUPLICATE_METHOD_MATCH = YES;
				CODE_SIGN_IDENTITY = "iPhone Developer";
				COPY_PHASE_STRIP = NO;
				DEBUG_INFORMATION_FORMAT = dwarf;
				ENABLE_STRICT_OBJC_MSGSEND = YES;
				ENABLE_TESTABILITY = YES;
				GCC_C_LANGUAGE_STANDARD = gnu11;
				GCC_DYNAMIC_NO_PIC = NO;
				GCC_NO_COMMON_BLOCKS = YES;
				GCC_OPTIMIZATION_LEVEL = 0;
				GCC_PREPROCESSOR_DEFINITIONS = (
					"DEBUG=1",
					"$(inherited)",
				);
				GCC_WARN_64_TO_32_BIT_CONVERSION = YES;
				GCC_WARN_ABOUT_RETURN_TYPE = YES_ERROR;
				GCC_WARN_UNDECLARED_SELECTOR = YES;
				GCC_WARN_UNINITIALIZED_AUTOS = YES_AGGRESSIVE;
				GCC_WARN_UNUSED_FUNCTION = YES;
				GCC_WARN_UNUSED_VARIABLE = YES;
				IPHONEOS_DEPLOYMENT_TARGET = 11.4;
				MTL_ENABLE_DEBUG_INFO = YES;
				ONLY_ACTIVE_ARCH = YES;
				SDKROOT = iphoneos;
			};
			name = Debug;
		};
		ECFF359C20F118530088EF96 /* Release */ = {
			isa = XCBuildConfiguration;
			buildSettings = {
				ALWAYS_SEARCH_USER_PATHS = NO;
				CLANG_ANALYZER_NONNULL = YES;
				CLANG_ANALYZER_NUMBER_OBJECT_CONVERSION = YES_AGGRESSIVE;
				CLANG_CXX_LANGUAGE_STANDARD = "gnu++14";
				CLANG_CXX_LIBRARY = "libc++";
				CLANG_ENABLE_MODULES = YES;
				CLANG_ENABLE_OBJC_ARC = YES;
				CLANG_ENABLE_OBJC_WEAK = YES;
				CLANG_WARN_BLOCK_CAPTURE_AUTORELEASING = YES;
				CLANG_WARN_BOOL_CONVERSION = YES;
				CLANG_WARN_COMMA = YES;
				CLANG_WARN_CONSTANT_CONVERSION = YES;
				CLANG_WARN_DEPRECATED_OBJC_IMPLEMENTATIONS = YES;
				CLANG_WARN_DIRECT_OBJC_ISA_USAGE = YES_ERROR;
				CLANG_WARN_DOCUMENTATION_COMMENTS = YES;
				CLANG_WARN_EMPTY_BODY = YES;
				CLANG_WARN_ENUM_CONVERSION = YES;
				CLANG_WARN_INFINITE_RECURSION = YES;
				CLANG_WARN_INT_CONVERSION = YES;
				CLANG_WARN_NON_LITERAL_NULL_CONVERSION = YES;
				CLANG_WARN_OBJC_IMPLICIT_RETAIN_SELF = YES;
				CLANG_WARN_OBJC_LITERAL_CONVERSION = YES;
				CLANG_WARN_OBJC_ROOT_CLASS = YES_ERROR;
				CLANG_WARN_RANGE_LOOP_ANALYSIS = YES;
				CLANG_WARN_STRICT_PROTOTYPES = YES;
				CLANG_WARN_SUSPICIOUS_MOVE = YES;
				CLANG_WARN_UNGUARDED_AVAILABILITY = YES_AGGRESSIVE;
				CLANG_WARN_UNREACHABLE_CODE = YES;
				CLANG_WARN__DUPLICATE_METHOD_MATCH = YES;
				CODE_SIGN_IDENTITY = "iPhone Developer";
				COPY_PHASE_STRIP = NO;
				DEBUG_INFORMATION_FORMAT = "dwarf-with-dsym";
				ENABLE_NS_ASSERTIONS = NO;
				ENABLE_STRICT_OBJC_MSGSEND = YES;
				GCC_C_LANGUAGE_STANDARD = gnu11;
				GCC_NO_COMMON_BLOCKS = YES;
				GCC_WARN_64_TO_32_BIT_CONVERSION = YES;
				GCC_WARN_ABOUT_RETURN_TYPE = YES_ERROR;
				GCC_WARN_UNDECLARED_SELECTOR = YES;
				GCC_WARN_UNINITIALIZED_AUTOS = YES_AGGRESSIVE;
				GCC_WARN_UNUSED_FUNCTION = YES;
				GCC_WARN_UNUSED_VARIABLE = YES;
				IPHONEOS_DEPLOYMENT_TARGET = 11.4;
				MTL_ENABLE_DEBUG_INFO = NO;
				SDKROOT = iphoneos;
				VALIDATE_PRODUCT = YES;
			};
			name = Release;
		};
		ECFF359E20F118530088EF96 /* Debug */ = {
			isa = XCBuildConfiguration;
			buildSettings = {
				ASSETCATALOG_COMPILER_APPICON_NAME = AppIcon;
				CODE_SIGN_STYLE = Automatic;
				DEVELOPMENT_TEAM = PXKRS4XWUT;
				INFOPLIST_FILE = "06-OC演练/Info.plist";
				LD_RUNPATH_SEARCH_PATHS = (
					"$(inherited)",
					"@executable_path/Frameworks",
				);
				PRODUCT_BUNDLE_IDENTIFIER = "cn.wdq.-6-OC--";
				PRODUCT_NAME = "$(TARGET_NAME)";
				TARGETED_DEVICE_FAMILY = "1,2";
			};
			name = Debug;
		};
		ECFF359F20F118530088EF96 /* Release */ = {
			isa = XCBuildConfiguration;
			buildSettings = {
				ASSETCATALOG_COMPILER_APPICON_NAME = AppIcon;
				CODE_SIGN_STYLE = Automatic;
				DEVELOPMENT_TEAM = PXKRS4XWUT;
				INFOPLIST_FILE = "06-OC演练/Info.plist";
				LD_RUNPATH_SEARCH_PATHS = (
					"$(inherited)",
					"@executable_path/Frameworks",
				);
				PRODUCT_BUNDLE_IDENTIFIER = "cn.wdq.-6-OC--";
				PRODUCT_NAME = "$(TARGET_NAME)";
				TARGETED_DEVICE_FAMILY = "1,2";
			};
			name = Release;
		};
/* End XCBuildConfiguration section */

/* Begin XCConfigurationList section */
		ECFF358220F118510088EF96 /* Build configuration list for PBXProject "06-OC演练" */ = {
			isa = XCConfigurationList;
			buildConfigurations = (
				ECFF359B20F118530088EF96 /* Debug */,
				ECFF359C20F118530088EF96 /* Release */,
			);
			defaultConfigurationIsVisible = 0;
			defaultConfigurationName = Release;
		};
		ECFF359D20F118530088EF96 /* Build configuration list for PBXNativeTarget "06-OC演练" */ = {
			isa = XCConfigurationList;
			buildConfigurations = (
				ECFF359E20F118530088EF96 /* Debug */,
				ECFF359F20F118530088EF96 /* Release */,
			);
			defaultConfigurationIsVisible = 0;
			defaultConfigurationName = Release;
		};
/* End XCConfigurationList section */
	};
	rootObject = ECFF357F20F118510088EF96 /* Project object */;
}
