// !$*UTF8*$!
{
	archiveVersion = 1;
	classes = {
	};
	objectVersion = 50;
	objects = {

/* Begin PBXBuildFile section */
		ECFD6B3320F3D5A4007C009F /* AppDelegate.swift in Sources */ = {isa = PBXBuildFile; fileRef = ECFD6B3220F3D5A4007C009F /* AppDelegate.swift */; };
		ECFD6B3520F3D5A4007C009F /* ViewController.swift in Sources */ = {isa = PBXBuildFile; fileRef = ECFD6B3420F3D5A4007C009F /* ViewController.swift */; };
		ECFD6B3820F3D5A4007C009F /* Main.storyboard in Resources */ = {isa = PBXBuildFile; fileRef = ECFD6B3620F3D5A4007C009F /* Main.storyboard */; };
		ECFD6B3A20F3D5A5007C009F /* Assets.xcassets in Resources */ = {isa = PBXBuildFile; fileRef = ECFD6B3920F3D5A5007C009F /* Assets.xcassets */; };
		ECFD6B3D20F3D5A5007C009F /* LaunchScreen.storyboard in Resources */ = {isa = PBXBuildFile; fileRef = ECFD6B3B20F3D5A5007C009F /* LaunchScreen.storyboard */; };
		ECFD6B4520F3D5B8007C009F /* Person.swift in Sources */ = {isa = PBXBuildFile; fileRef = ECFD6B4420F3D5B8007C009F /* Person.swift */; };
/* End PBXBuildFile section */

/* Begin PBXFileReference section */
		ECFD6B2F20F3D5A4007C009F /* 19-构造函数.app */ = {isa = PBXFileReference; explicitFileType = wrapper.application; includeInIndex = 0; path = "19-构造函数.app"; sourceTree = BUILT_PRODUCTS_DIR; };
		ECFD6B3220F3D5A4007C009F /* AppDelegate.swift */ = {isa = PBXFileReference; lastKnownFileType = sourcecode.swift; path = AppDelegate.swift; sourceTree = "<group>"; };
		ECFD6B3420F3D5A4007C009F /* ViewController.swift */ = {isa = PBXFileReference; lastKnownFileType = sourcecode.swift; path = ViewController.swift; sourceTree = "<group>"; };
		ECFD6B3720F3D5A4007C009F /* Base */ = {isa = PBXFileReference; lastKnownFileType = file.storyboard; name = Base; path = Base.lproj/Main.storyboard; sourceTree = "<group>"; };
		ECFD6B3920F3D5A5007C009F /* Assets.xcassets */ = {isa = PBXFileReference; lastKnownFileType = folder.assetcatalog; path = Assets.xcassets; sourceTree = "<group>"; };
		ECFD6B3C20F3D5A5007C009F /* Base */ = {isa = PBXFileReference; lastKnownFileType = file.storyboard; name = Base; path = Base.lproj/LaunchScreen.storyboard; sourceTree = "<group>"; };
		ECFD6B3E20F3D5A5007C009F /* Info.plist */ = {isa = PBXFileReference; lastKnownFileType = text.plist.xml; path = Info.plist; sourceTree = "<group>"; };
		ECFD6B4420F3D5B8007C009F /* Person.swift */ = {isa = PBXFileReference; lastKnownFileType = sourcecode.swift; path = Person.swift; sourceTree = "<group>"; };
/* End PBXFileReference section */

/* Begin PBXFrameworksBuildPhase section */
		ECFD6B2C20F3D5A4007C009F /* Frameworks */ = {
			isa = PBXFrameworksBuildPhase;
			buildActionMask = 2147483647;
			files = (
			);
			runOnlyForDeploymentPostprocessing = 0;
		};
/* End PBXFrameworksBuildPhase section */

/* Begin PBXGroup section */
		ECFD6B2620F3D5A4007C009F = {
			isa = PBXGroup;
			children = (
				ECFD6B3120F3D5A4007C009F /* 19-构造函数 */,
				ECFD6B3020F3D5A4007C009F /* Products */,
			);
			sourceTree = "<group>";
		};
		ECFD6B3020F3D5A4007C009F /* Products */ = {
			isa = PBXGroup;
			children = (
				ECFD6B2F20F3D5A4007C009F /* 19-构造函数.app */,
			);
			name = Products;
			sourceTree = "<group>";
		};
		ECFD6B3120F3D5A4007C009F /* 19-构造函数 */ = {
			isa = PBXGroup;
			children = (
				ECFD6B3220F3D5A4007C009F /* AppDelegate.swift */,
				ECFD6B3420F3D5A4007C009F /* ViewController.swift */,
				ECFD6B4420F3D5B8007C009F /* Person.swift */,
				ECFD6B3620F3D5A4007C009F /* Main.storyboard */,
				ECFD6B3920F3D5A5007C009F /* Assets.xcassets */,
				ECFD6B3B20F3D5A5007C009F /* LaunchScreen.storyboard */,
				ECFD6B3E20F3D5A5007C009F /* Info.plist */,
			);
			path = "19-构造函数";
			sourceTree = "<group>";
		};
/* End PBXGroup section */

/* Begin PBXNativeTarget section */
		ECFD6B2E20F3D5A4007C009F /* 19-构造函数 */ = {
			isa = PBXNativeTarget;
			buildConfigurationList = ECFD6B4120F3D5A5007C009F /* Build configuration list for PBXNativeTarget "19-构造函数" */;
			buildPhases = (
				ECFD6B2B20F3D5A4007C009F /* Sources */,
				ECFD6B2C20F3D5A4007C009F /* Frameworks */,
				ECFD6B2D20F3D5A4007C009F /* Resources */,
			);
			buildRules = (
			);
			dependencies = (
			);
			name = "19-构造函数";
			productName = "19-构造函数";
			productReference = ECFD6B2F20F3D5A4007C009F /* 19-构造函数.app */;
			productType = "com.apple.product-type.application";
		};
/* End PBXNativeTarget section */

/* Begin PBXProject section */
		ECFD6B2720F3D5A4007C009F /* Project object */ = {
			isa = PBXProject;
			attributes = {
				LastSwiftUpdateCheck = 0940;
				LastUpgradeCheck = 0940;
				ORGANIZATIONNAME = "汪大强";
				TargetAttributes = {
					ECFD6B2E20F3D5A4007C009F = {
						CreatedOnToolsVersion = 9.4.1;
					};
				};
			};
			buildConfigurationList = ECFD6B2A20F3D5A4007C009F /* Build configuration list for PBXProject "19-构造函数" */;
			compatibilityVersion = "Xcode 9.3";
			developmentRegion = en;
			hasScannedForEncodings = 0;
			knownRegions = (
				en,
				Base,
			);
			mainGroup = ECFD6B2620F3D5A4007C009F;
			productRefGroup = ECFD6B3020F3D5A4007C009F /* Products */;
			projectDirPath = "";
			projectRoot = "";
			targets = (
				ECFD6B2E20F3D5A4007C009F /* 19-构造函数 */,
			);
		};
/* End PBXProject section */

/* Begin PBXResourcesBuildPhase section */
		ECFD6B2D20F3D5A4007C009F /* Resources */ = {
			isa = PBXResourcesBuildPhase;
			buildActionMask = 2147483647;
			files = (
				ECFD6B3D20F3D5A5007C009F /* LaunchScreen.storyboard in Resources */,
				ECFD6B3A20F3D5A5007C009F /* Assets.xcassets in Resources */,
				ECFD6B3820F3D5A4007C009F /* Main.storyboard in Resources */,
			);
			runOnlyForDeploymentPostprocessing = 0;
		};
/* End PBXResourcesBuildPhase section */

/* Begin PBXSourcesBuildPhase section */
		ECFD6B2B20F3D5A4007C009F /* Sources */ = {
			isa = PBXSourcesBuildPhase;
			buildActionMask = 2147483647;
			files = (
				ECFD6B4520F3D5B8007C009F /* Person.swift in Sources */,
				ECFD6B3520F3D5A4007C009F /* ViewController.swift in Sources */,
				ECFD6B3320F3D5A4007C009F /* AppDelegate.swift in Sources */,
			);
			runOnlyForDeploymentPostprocessing = 0;
		};
/* End PBXSourcesBuildPhase section */

/* Begin PBXVariantGroup section */
		ECFD6B3620F3D5A4007C009F /* Main.storyboard */ = {
			isa = PBXVariantGroup;
			children = (
				ECFD6B3720F3D5A4007C009F /* Base */,
			);
			name = Main.storyboard;
			sourceTree = "<group>";
		};
		ECFD6B3B20F3D5A5007C009F /* LaunchScreen.storyboard */ = {
			isa = PBXVariantGroup;
			children = (
				ECFD6B3C20F3D5A5007C009F /* Base */,
			);
			name = LaunchScreen.storyboard;
			sourceTree = "<group>";
		};
/* End PBXVariantGroup section */

/* Begin XCBuildConfiguration section */
		ECFD6B3F20F3D5A5007C009F /* Debug */ = {
			isa = XCBuildConfiguration;
			buildSettings = {
				ALWAYS_SEARCH_USER_PATHS = NO;
				CLANG_ANALYZER_NONNULL = YES;
				CLANG_ANALYZER_NUMBER_OBJECT_CONVERSION = YES_AGGRESSIVE;
				CLANG_CXX_LANGUAGE_STANDARD = "gnu++14";
				CLANG_CXX_LIBRARY = "libc++";
				CLANG_ENABLE_MODULES = YES;
				CLANG_ENABLE_OBJC_ARC = YES;
				CLANG_ENABLE_OBJC_WEAK = YES;
				CLANG_WARN_BLOCK_CAPTURE_AUTORELEASING = YES;
				CLANG_WARN_BOOL_CONVERSION = YES;
				CLANG_WARN_COMMA = YES;
				CLANG_WARN_CONSTANT_CONVERSION = YES;
				CLANG_WARN_DEPRECATED_OBJC_IMPLEMENTATIONS = YES;
				CLANG_WARN_DIRECT_OBJC_ISA_USAGE = YES_ERROR;
				CLANG_WARN_DOCUMENTATION_COMMENTS = YES;
				CLANG_WARN_EMPTY_BODY = YES;
				CLANG_WARN_ENUM_CONVERSION = YES;
				CLANG_WARN_INFINITE_RECURSION = YES;
				CLANG_WARN_INT_CONVERSION = YES;
				CLANG_WARN_NON_LITERAL_NULL_CONVERSION = YES;
				CLANG_WARN_OBJC_IMPLICIT_RETAIN_SELF = YES;
				CLANG_WARN_OBJC_LITERAL_CONVERSION = YES;
				CLANG_WARN_OBJC_ROOT_CLASS = YES_ERROR;
				CLANG_WARN_RANGE_LOOP_ANALYSIS = YES;
				CLANG_WARN_STRICT_PROTOTYPES = YES;
				CLANG_WARN_SUSPICIOUS_MOVE = YES;
				CLANG_WARN_UNGUARDED_AVAILABILITY = YES_AGGRESSIVE;
				CLANG_WARN_UNREACHABLE_CODE = YES;
				CLANG_WARN__DUPLICATE_METHOD_MATCH = YES;
				CODE_SIGN_IDENTITY = "iPhone Developer";
				COPY_PHASE_STRIP = NO;
				DEBUG_INFORMATION_FORMAT = dwarf;
				ENABLE_STRICT_OBJC_MSGSEND = YES;
				ENABLE_TESTABILITY = YES;
				GCC_C_LANGUAGE_STANDARD = gnu11;
				GCC_DYNAMIC_NO_PIC = NO;
				GCC_NO_COMMON_BLOCKS = YES;
				GCC_OPTIMIZATION_LEVEL = 0;
				GCC_PREPROCESSOR_DEFINITIONS = (
					"DEBUG=1",
					"$(inherited)",
				);
				GCC_WARN_64_TO_32_BIT_CONVERSION = YES;
				GCC_WARN_ABOUT_RETURN_TYPE = YES_ERROR;
				GCC_WARN_UNDECLARED_SELECTOR = YES;
				GCC_WARN_UNINITIALIZED_AUTOS = YES_AGGRESSIVE;
				GCC_WARN_UNUSED_FUNCTION = YES;
				GCC_WARN_UNUSED_VARIABLE = YES;
				IPHONEOS_DEPLOYMENT_TARGET = 11.4;
				MTL_ENABLE_DEBUG_INFO = YES;
				ONLY_ACTIVE_ARCH = YES;
				SDKROOT = iphoneos;
				SWIFT_ACTIVE_COMPILATION_CONDITIONS = DEBUG;
				SWIFT_OPTIMIZATION_LEVEL = "-Onone";
			};
			name = Debug;
		};
		ECFD6B4020F3D5A5007C009F /* Release */ = {
			isa = XCBuildConfiguration;
			buildSettings = {
				ALWAYS_SEARCH_USER_PATHS = NO;
				CLANG_ANALYZER_NONNULL = YES;
				CLANG_ANALYZER_NUMBER_OBJECT_CONVERSION = YES_AGGRESSIVE;
				CLANG_CXX_LANGUAGE_STANDARD = "gnu++14";
				CLANG_CXX_LIBRARY = "libc++";
				CLANG_ENABLE_MODULES = YES;
				CLANG_ENABLE_OBJC_ARC = YES;
				CLANG_ENABLE_OBJC_WEAK = YES;
				CLANG_WARN_BLOCK_CAPTURE_AUTORELEASING = YES;
				CLANG_WARN_BOOL_CONVERSION = YES;
				CLANG_WARN_COMMA = YES;
				CLANG_WARN_CONSTANT_CONVERSION = YES;
				CLANG_WARN_DEPRECATED_OBJC_IMPLEMENTATIONS = YES;
				CLANG_WARN_DIRECT_OBJC_ISA_USAGE = YES_ERROR;
				CLANG_WARN_DOCUMENTATION_COMMENTS = YES;
				CLANG_WARN_EMPTY_BODY = YES;
				CLANG_WARN_ENUM_CONVERSION = YES;
				CLANG_WARN_INFINITE_RECURSION = YES;
				CLANG_WARN_INT_CONVERSION = YES;
				CLANG_WARN_NON_LITERAL_NULL_CONVERSION = YES;
				CLANG_WARN_OBJC_IMPLICIT_RETAIN_SELF = YES;
				CLANG_WARN_OBJC_LITERAL_CONVERSION = YES;
				CLANG_WARN_OBJC_ROOT_CLASS = YES_ERROR;
				CLANG_WARN_RANGE_LOOP_ANALYSIS = YES;
				CLANG_WARN_STRICT_PROTOTYPES = YES;
				CLANG_WARN_SUSPICIOUS_MOVE = YES;
				CLANG_WARN_UNGUARDED_AVAILABILITY = YES_AGGRESSIVE;
				CLANG_WARN_UNREACHABLE_CODE = YES;
				CLANG_WARN__DUPLICATE_METHOD_MATCH = YES;
				CODE_SIGN_IDENTITY = "iPhone Developer";
				COPY_PHASE_STRIP = NO;
				DEBUG_INFORMATION_FORMAT = "dwarf-with-dsym";
				ENABLE_NS_ASSERTIONS = NO;
				ENABLE_STRICT_OBJC_MSGSEND = YES;
				GCC_C_LANGUAGE_STANDARD = gnu11;
				GCC_NO_COMMON_BLOCKS = YES;
				GCC_WARN_64_TO_32_BIT_CONVERSION = YES;
				GCC_WARN_ABOUT_RETURN_TYPE = YES_ERROR;
				GCC_WARN_UNDECLARED_SELECTOR = YES;
				GCC_WARN_UNINITIALIZED_AUTOS = YES_AGGRESSIVE;
				GCC_WARN_UNUSED_FUNCTION = YES;
				GCC_WARN_UNUSED_VARIABLE = YES;
				IPHONEOS_DEPLOYMENT_TARGET = 11.4;
				MTL_ENABLE_DEBUG_INFO = NO;
				SDKROOT = iphoneos;
				SWIFT_COMPILATION_MODE = wholemodule;
				SWIFT_OPTIMIZATION_LEVEL = "-O";
				VALIDATE_PRODUCT = YES;
			};
			name = Release;
		};
		ECFD6B4220F3D5A5007C009F /* Debug */ = {
			isa = XCBuildConfiguration;
			buildSettings = {
				ASSETCATALOG_COMPILER_APPICON_NAME = AppIcon;
				CODE_SIGN_STYLE = Automatic;
				DEVELOPMENT_TEAM = PXKRS4XWUT;
				INFOPLIST_FILE = "19-构造函数/Info.plist";
				LD_RUNPATH_SEARCH_PATHS = (
					"$(inherited)",
					"@executable_path/Frameworks",
				);
				PRODUCT_BUNDLE_IDENTIFIER = "cn.wdq.-9-----";
				PRODUCT_NAME = "$(TARGET_NAME)";
				SWIFT_VERSION = 4.0;
				TARGETED_DEVICE_FAMILY = "1,2";
			};
			name = Debug;
		};
		ECFD6B4320F3D5A5007C009F /* Release */ = {
			isa = XCBuildConfiguration;
			buildSettings = {
				ASSETCATALOG_COMPILER_APPICON_NAME = AppIcon;
				CODE_SIGN_STYLE = Automatic;
				DEVELOPMENT_TEAM = PXKRS4XWUT;
				INFOPLIST_FILE = "19-构造函数/Info.plist";
				LD_RUNPATH_SEARCH_PATHS = (
					"$(inherited)",
					"@executable_path/Frameworks",
				);
				PRODUCT_BUNDLE_IDENTIFIER = "cn.wdq.-9-----";
				PRODUCT_NAME = "$(TARGET_NAME)";
				SWIFT_VERSION = 4.0;
				TARGETED_DEVICE_FAMILY = "1,2";
			};
			name = Release;
		};
/* End XCBuildConfiguration section */

/* Begin XCConfigurationList section */
		ECFD6B2A20F3D5A4007C009F /* Build configuration list for PBXProject "19-构造函数" */ = {
			isa = XCConfigurationList;
			buildConfigurations = (
				ECFD6B3F20F3D5A5007C009F /* Debug */,
				ECFD6B4020F3D5A5007C009F /* Release */,
			);
			defaultConfigurationIsVisible = 0;
			defaultConfigurationName = Release;
		};
		ECFD6B4120F3D5A5007C009F /* Build configuration list for PBXNativeTarget "19-构造函数" */ = {
			isa = XCConfigurationList;
			buildConfigurations = (
				ECFD6B4220F3D5A5007C009F /* Debug */,
				ECFD6B4320F3D5A5007C009F /* Release */,
			);
			defaultConfigurationIsVisible = 0;
			defaultConfigurationName = Release;
		};
/* End XCConfigurationList section */
	};
	rootObject = ECFD6B2720F3D5A4007C009F /* Project object */;
}
