// !$*UTF8*$!
{
	archiveVersion = 1;
	classes = {
	};
	objectVersion = 50;
	objects = {

/* Begin PBXBuildFile section */
		ECF869DF20F8761D00974A21 /* AppDelegate.swift in Sources */ = {isa = PBXBuildFile; fileRef = ECF869DE20F8761D00974A21 /* AppDelegate.swift */; };
		ECF869E120F8761D00974A21 /* ViewController.swift in Sources */ = {isa = PBXBuildFile; fileRef = ECF869E020F8761D00974A21 /* ViewController.swift */; };
		ECF869E420F8761D00974A21 /* Main.storyboard in Resources */ = {isa = PBXBuildFile; fileRef = ECF869E220F8761D00974A21 /* Main.storyboard */; };
		ECF869E620F8761E00974A21 /* Assets.xcassets in Resources */ = {isa = PBXBuildFile; fileRef = ECF869E520F8761E00974A21 /* Assets.xcassets */; };
		ECF869E920F8761E00974A21 /* LaunchScreen.storyboard in Resources */ = {isa = PBXBuildFile; fileRef = ECF869E720F8761E00974A21 /* LaunchScreen.storyboard */; };
		ECF869F320F8767400974A21 /* DemoViewController.m in Sources */ = {isa = PBXBuildFile; fileRef = ECF869F220F8767400974A21 /* DemoViewController.m */; };
/* End PBXBuildFile section */

/* Begin PBXFileReference section */
		ECF869DB20F8761D00974A21 /* 26-懒加载和OC的区别.app */ = {isa = PBXFileReference; explicitFileType = wrapper.application; includeInIndex = 0; path = "26-懒加载和OC的区别.app"; sourceTree = BUILT_PRODUCTS_DIR; };
		ECF869DE20F8761D00974A21 /* AppDelegate.swift */ = {isa = PBXFileReference; lastKnownFileType = sourcecode.swift; path = AppDelegate.swift; sourceTree = "<group>"; };
		ECF869E020F8761D00974A21 /* ViewController.swift */ = {isa = PBXFileReference; lastKnownFileType = sourcecode.swift; path = ViewController.swift; sourceTree = "<group>"; };
		ECF869E320F8761D00974A21 /* Base */ = {isa = PBXFileReference; lastKnownFileType = file.storyboard; name = Base; path = Base.lproj/Main.storyboard; sourceTree = "<group>"; };
		ECF869E520F8761E00974A21 /* Assets.xcassets */ = {isa = PBXFileReference; lastKnownFileType = folder.assetcatalog; path = Assets.xcassets; sourceTree = "<group>"; };
		ECF869E820F8761E00974A21 /* Base */ = {isa = PBXFileReference; lastKnownFileType = file.storyboard; name = Base; path = Base.lproj/LaunchScreen.storyboard; sourceTree = "<group>"; };
		ECF869EA20F8761E00974A21 /* Info.plist */ = {isa = PBXFileReference; lastKnownFileType = text.plist.xml; path = Info.plist; sourceTree = "<group>"; };
		ECF869F020F8767400974A21 /* 26-懒加载和OC的区别-Bridging-Header.h */ = {isa = PBXFileReference; lastKnownFileType = sourcecode.c.h; path = "26-懒加载和OC的区别-Bridging-Header.h"; sourceTree = "<group>"; };
		ECF869F120F8767400974A21 /* DemoViewController.h */ = {isa = PBXFileReference; lastKnownFileType = sourcecode.c.h; path = DemoViewController.h; sourceTree = "<group>"; };
		ECF869F220F8767400974A21 /* DemoViewController.m */ = {isa = PBXFileReference; lastKnownFileType = sourcecode.c.objc; path = DemoViewController.m; sourceTree = "<group>"; };
/* End PBXFileReference section */

/* Begin PBXFrameworksBuildPhase section */
		ECF869D820F8761D00974A21 /* Frameworks */ = {
			isa = PBXFrameworksBuildPhase;
			buildActionMask = 2147483647;
			files = (
			);
			runOnlyForDeploymentPostprocessing = 0;
		};
/* End PBXFrameworksBuildPhase section */

/* Begin PBXGroup section */
		ECF869D220F8761D00974A21 = {
			isa = PBXGroup;
			children = (
				ECF869DD20F8761D00974A21 /* 26-懒加载和OC的区别 */,
				ECF869DC20F8761D00974A21 /* Products */,
			);
			sourceTree = "<group>";
		};
		ECF869DC20F8761D00974A21 /* Products */ = {
			isa = PBXGroup;
			children = (
				ECF869DB20F8761D00974A21 /* 26-懒加载和OC的区别.app */,
			);
			name = Products;
			sourceTree = "<group>";
		};
		ECF869DD20F8761D00974A21 /* 26-懒加载和OC的区别 */ = {
			isa = PBXGroup;
			children = (
				ECF869DE20F8761D00974A21 /* AppDelegate.swift */,
				ECF869E020F8761D00974A21 /* ViewController.swift */,
				ECF869F120F8767400974A21 /* DemoViewController.h */,
				ECF869F220F8767400974A21 /* DemoViewController.m */,
				ECF869E220F8761D00974A21 /* Main.storyboard */,
				ECF869E520F8761E00974A21 /* Assets.xcassets */,
				ECF869E720F8761E00974A21 /* LaunchScreen.storyboard */,
				ECF869EA20F8761E00974A21 /* Info.plist */,
				ECF869F020F8767400974A21 /* 26-懒加载和OC的区别-Bridging-Header.h */,
			);
			path = "26-懒加载和OC的区别";
			sourceTree = "<group>";
		};
/* End PBXGroup section */

/* Begin PBXNativeTarget section */
		ECF869DA20F8761D00974A21 /* 26-懒加载和OC的区别 */ = {
			isa = PBXNativeTarget;
			buildConfigurationList = ECF869ED20F8761E00974A21 /* Build configuration list for PBXNativeTarget "26-懒加载和OC的区别" */;
			buildPhases = (
				ECF869D720F8761D00974A21 /* Sources */,
				ECF869D820F8761D00974A21 /* Frameworks */,
				ECF869D920F8761D00974A21 /* Resources */,
			);
			buildRules = (
			);
			dependencies = (
			);
			name = "26-懒加载和OC的区别";
			productName = "26-懒加载和OC的区别";
			productReference = ECF869DB20F8761D00974A21 /* 26-懒加载和OC的区别.app */;
			productType = "com.apple.product-type.application";
		};
/* End PBXNativeTarget section */

/* Begin PBXProject section */
		ECF869D320F8761D00974A21 /* Project object */ = {
			isa = PBXProject;
			attributes = {
				LastSwiftUpdateCheck = 0940;
				LastUpgradeCheck = 0940;
				ORGANIZATIONNAME = "汪大强";
				TargetAttributes = {
					ECF869DA20F8761D00974A21 = {
						CreatedOnToolsVersion = 9.4.1;
						LastSwiftMigration = 0940;
					};
				};
			};
			buildConfigurationList = ECF869D620F8761D00974A21 /* Build configuration list for PBXProject "26-懒加载和OC的区别" */;
			compatibilityVersion = "Xcode 9.3";
			developmentRegion = en;
			hasScannedForEncodings = 0;
			knownRegions = (
				en,
				Base,
			);
			mainGroup = ECF869D220F8761D00974A21;
			productRefGroup = ECF869DC20F8761D00974A21 /* Products */;
			projectDirPath = "";
			projectRoot = "";
			targets = (
				ECF869DA20F8761D00974A21 /* 26-懒加载和OC的区别 */,
			);
		};
/* End PBXProject section */

/* Begin PBXResourcesBuildPhase section */
		ECF869D920F8761D00974A21 /* Resources */ = {
			isa = PBXResourcesBuildPhase;
			buildActionMask = 2147483647;
			files = (
				ECF869E920F8761E00974A21 /* LaunchScreen.storyboard in Resources */,
				ECF869E620F8761E00974A21 /* Assets.xcassets in Resources */,
				ECF869E420F8761D00974A21 /* Main.storyboard in Resources */,
			);
			runOnlyForDeploymentPostprocessing = 0;
		};
/* End PBXResourcesBuildPhase section */

/* Begin PBXSourcesBuildPhase section */
		ECF869D720F8761D00974A21 /* Sources */ = {
			isa = PBXSourcesBuildPhase;
			buildActionMask = 2147483647;
			files = (
				ECF869F320F8767400974A21 /* DemoViewController.m in Sources */,
				ECF869E120F8761D00974A21 /* ViewController.swift in Sources */,
				ECF869DF20F8761D00974A21 /* AppDelegate.swift in Sources */,
			);
			runOnlyForDeploymentPostprocessing = 0;
		};
/* End PBXSourcesBuildPhase section */

/* Begin PBXVariantGroup section */
		ECF869E220F8761D00974A21 /* Main.storyboard */ = {
			isa = PBXVariantGroup;
			children = (
				ECF869E320F8761D00974A21 /* Base */,
			);
			name = Main.storyboard;
			sourceTree = "<group>";
		};
		ECF869E720F8761E00974A21 /* LaunchScreen.storyboard */ = {
			isa = PBXVariantGroup;
			children = (
				ECF869E820F8761E00974A21 /* Base */,
			);
			name = LaunchScreen.storyboard;
			sourceTree = "<group>";
		};
/* End PBXVariantGroup section */

/* Begin XCBuildConfiguration section */
		ECF869EB20F8761E00974A21 /* Debug */ = {
			isa = XCBuildConfiguration;
			buildSettings = {
				ALWAYS_SEARCH_USER_PATHS = NO;
				CLANG_ANALYZER_NONNULL = YES;
				CLANG_ANALYZER_NUMBER_OBJECT_CONVERSION = YES_AGGRESSIVE;
				CLANG_CXX_LANGUAGE_STANDARD = "gnu++14";
				CLANG_CXX_LIBRARY = "libc++";
				CLANG_ENABLE_MODULES = YES;
				CLANG_ENABLE_OBJC_ARC = YES;
				CLANG_ENABLE_OBJC_WEAK = YES;
				CLANG_WARN_BLOCK_CAPTURE_AUTORELEASING = YES;
				CLANG_WARN_BOOL_CONVERSION = YES;
				CLANG_WARN_COMMA = YES;
				CLANG_WARN_CONSTANT_CONVERSION = YES;
				CLANG_WARN_DEPRECATED_OBJC_IMPLEMENTATIONS = YES;
				CLANG_WARN_DIRECT_OBJC_ISA_USAGE = YES_ERROR;
				CLANG_WARN_DOCUMENTATION_COMMENTS = YES;
				CLANG_WARN_EMPTY_BODY = YES;
				CLANG_WARN_ENUM_CONVERSION = YES;
				CLANG_WARN_INFINITE_RECURSION = YES;
				CLANG_WARN_INT_CONVERSION = YES;
				CLANG_WARN_NON_LITERAL_NULL_CONVERSION = YES;
				CLANG_WARN_OBJC_IMPLICIT_RETAIN_SELF = YES;
				CLANG_WARN_OBJC_LITERAL_CONVERSION = YES;
				CLANG_WARN_OBJC_ROOT_CLASS = YES_ERROR;
				CLANG_WARN_RANGE_LOOP_ANALYSIS = YES;
				CLANG_WARN_STRICT_PROTOTYPES = YES;
				CLANG_WARN_SUSPICIOUS_MOVE = YES;
				CLANG_WARN_UNGUARDED_AVAILABILITY = YES_AGGRESSIVE;
				CLANG_WARN_UNREACHABLE_CODE = YES;
				CLANG_WARN__DUPLICATE_METHOD_MATCH = YES;
				CODE_SIGN_IDENTITY = "iPhone Developer";
				COPY_PHASE_STRIP = NO;
				DEBUG_INFORMATION_FORMAT = dwarf;
				ENABLE_STRICT_OBJC_MSGSEND = YES;
				ENABLE_TESTABILITY = YES;
				GCC_C_LANGUAGE_STANDARD = gnu11;
				GCC_DYNAMIC_NO_PIC = NO;
				GCC_NO_COMMON_BLOCKS = YES;
				GCC_OPTIMIZATION_LEVEL = 0;
				GCC_PREPROCESSOR_DEFINITIONS = (
					"DEBUG=1",
					"$(inherited)",
				);
				GCC_WARN_64_TO_32_BIT_CONVERSION = YES;
				GCC_WARN_ABOUT_RETURN_TYPE = YES_ERROR;
				GCC_WARN_UNDECLARED_SELECTOR = YES;
				GCC_WARN_UNINITIALIZED_AUTOS = YES_AGGRESSIVE;
				GCC_WARN_UNUSED_FUNCTION = YES;
				GCC_WARN_UNUSED_VARIABLE = YES;
				IPHONEOS_DEPLOYMENT_TARGET = 11.4;
				MTL_ENABLE_DEBUG_INFO = YES;
				ONLY_ACTIVE_ARCH = YES;
				SDKROOT = iphoneos;
				SWIFT_ACTIVE_COMPILATION_CONDITIONS = DEBUG;
				SWIFT_OPTIMIZATION_LEVEL = "-Onone";
			};
			name = Debug;
		};
		ECF869EC20F8761E00974A21 /* Release */ = {
			isa = XCBuildConfiguration;
			buildSettings = {
				ALWAYS_SEARCH_USER_PATHS = NO;
				CLANG_ANALYZER_NONNULL = YES;
				CLANG_ANALYZER_NUMBER_OBJECT_CONVERSION = YES_AGGRESSIVE;
				CLANG_CXX_LANGUAGE_STANDARD = "gnu++14";
				CLANG_CXX_LIBRARY = "libc++";
				CLANG_ENABLE_MODULES = YES;
				CLANG_ENABLE_OBJC_ARC = YES;
				CLANG_ENABLE_OBJC_WEAK = YES;
				CLANG_WARN_BLOCK_CAPTURE_AUTORELEASING = YES;
				CLANG_WARN_BOOL_CONVERSION = YES;
				CLANG_WARN_COMMA = YES;
				CLANG_WARN_CONSTANT_CONVERSION = YES;
				CLANG_WARN_DEPRECATED_OBJC_IMPLEMENTATIONS = YES;
				CLANG_WARN_DIRECT_OBJC_ISA_USAGE = YES_ERROR;
				CLANG_WARN_DOCUMENTATION_COMMENTS = YES;
				CLANG_WARN_EMPTY_BODY = YES;
				CLANG_WARN_ENUM_CONVERSION = YES;
				CLANG_WARN_INFINITE_RECURSION = YES;
				CLANG_WARN_INT_CONVERSION = YES;
				CLANG_WARN_NON_LITERAL_NULL_CONVERSION = YES;
				CLANG_WARN_OBJC_IMPLICIT_RETAIN_SELF = YES;
				CLANG_WARN_OBJC_LITERAL_CONVERSION = YES;
				CLANG_WARN_OBJC_ROOT_CLASS = YES_ERROR;
				CLANG_WARN_RANGE_LOOP_ANALYSIS = YES;
				CLANG_WARN_STRICT_PROTOTYPES = YES;
				CLANG_WARN_SUSPICIOUS_MOVE = YES;
				CLANG_WARN_UNGUARDED_AVAILABILITY = YES_AGGRESSIVE;
				CLANG_WARN_UNREACHABLE_CODE = YES;
				CLANG_WARN__DUPLICATE_METHOD_MATCH = YES;
				CODE_SIGN_IDENTITY = "iPhone Developer";
				COPY_PHASE_STRIP = NO;
				DEBUG_INFORMATION_FORMAT = "dwarf-with-dsym";
				ENABLE_NS_ASSERTIONS = NO;
				ENABLE_STRICT_OBJC_MSGSEND = YES;
				GCC_C_LANGUAGE_STANDARD = gnu11;
				GCC_NO_COMMON_BLOCKS = YES;
				GCC_WARN_64_TO_32_BIT_CONVERSION = YES;
				GCC_WARN_ABOUT_RETURN_TYPE = YES_ERROR;
				GCC_WARN_UNDECLARED_SELECTOR = YES;
				GCC_WARN_UNINITIALIZED_AUTOS = YES_AGGRESSIVE;
				GCC_WARN_UNUSED_FUNCTION = YES;
				GCC_WARN_UNUSED_VARIABLE = YES;
				IPHONEOS_DEPLOYMENT_TARGET = 11.4;
				MTL_ENABLE_DEBUG_INFO = NO;
				SDKROOT = iphoneos;
				SWIFT_COMPILATION_MODE = wholemodule;
				SWIFT_OPTIMIZATION_LEVEL = "-O";
				VALIDATE_PRODUCT = YES;
			};
			name = Release;
		};
		ECF869EE20F8761E00974A21 /* Debug */ = {
			isa = XCBuildConfiguration;
			buildSettings = {
				ASSETCATALOG_COMPILER_APPICON_NAME = AppIcon;
				CLANG_ENABLE_MODULES = YES;
				CODE_SIGN_STYLE = Automatic;
				DEVELOPMENT_TEAM = PXKRS4XWUT;
				INFOPLIST_FILE = "26-懒加载和OC的区别/Info.plist";
				LD_RUNPATH_SEARCH_PATHS = (
					"$(inherited)",
					"@executable_path/Frameworks",
				);
				PRODUCT_BUNDLE_IDENTIFIER = "cn.wdq.-6-----OC---";
				PRODUCT_NAME = "$(TARGET_NAME)";
				SWIFT_OBJC_BRIDGING_HEADER = "26-懒加载和OC的区别/26-懒加载和OC的区别-Bridging-Header.h";
				SWIFT_OPTIMIZATION_LEVEL = "-Onone";
				SWIFT_VERSION = 4.0;
				TARGETED_DEVICE_FAMILY = "1,2";
			};
			name = Debug;
		};
		ECF869EF20F8761E00974A21 /* Release */ = {
			isa = XCBuildConfiguration;
			buildSettings = {
				ASSETCATALOG_COMPILER_APPICON_NAME = AppIcon;
				CLANG_ENABLE_MODULES = YES;
				CODE_SIGN_STYLE = Automatic;
				DEVELOPMENT_TEAM = PXKRS4XWUT;
				INFOPLIST_FILE = "26-懒加载和OC的区别/Info.plist";
				LD_RUNPATH_SEARCH_PATHS = (
					"$(inherited)",
					"@executable_path/Frameworks",
				);
				PRODUCT_BUNDLE_IDENTIFIER = "cn.wdq.-6-----OC---";
				PRODUCT_NAME = "$(TARGET_NAME)";
				SWIFT_OBJC_BRIDGING_HEADER = "26-懒加载和OC的区别/26-懒加载和OC的区别-Bridging-Header.h";
				SWIFT_VERSION = 4.0;
				TARGETED_DEVICE_FAMILY = "1,2";
			};
			name = Release;
		};
/* End XCBuildConfiguration section */

/* Begin XCConfigurationList section */
		ECF869D620F8761D00974A21 /* Build configuration list for PBXProject "26-懒加载和OC的区别" */ = {
			isa = XCConfigurationList;
			buildConfigurations = (
				ECF869EB20F8761E00974A21 /* Debug */,
				ECF869EC20F8761E00974A21 /* Release */,
			);
			defaultConfigurationIsVisible = 0;
			defaultConfigurationName = Release;
		};
		ECF869ED20F8761E00974A21 /* Build configuration list for PBXNativeTarget "26-懒加载和OC的区别" */ = {
			isa = XCConfigurationList;
			buildConfigurations = (
				ECF869EE20F8761E00974A21 /* Debug */,
				ECF869EF20F8761E00974A21 /* Release */,
			);
			defaultConfigurationIsVisible = 0;
			defaultConfigurationName = Release;
		};
/* End XCConfigurationList section */
	};
	rootObject = ECF869D320F8761D00974A21 /* Project object */;
}
