// !$*UTF8*$!
{
	archiveVersion = 1;
	classes = {
	};
	objectVersion = 50;
	objects = {

/* Begin PBXBuildFile section */
		EC92E3A520F66D22005950E5 /* UITextField+extension.swift in Sources */ = {isa = PBXBuildFile; fileRef = EC92E3A420F66D22005950E5 /* UITextField+extension.swift */; };
		EC92E3A720F66F14005950E5 /* UIButton+extension.swift in Sources */ = {isa = PBXBuildFile; fileRef = EC92E3A620F66F14005950E5 /* UIButton+extension.swift */; };
		EC92E3A920F67099005950E5 /* UILabel+extension.swift in Sources */ = {isa = PBXBuildFile; fileRef = EC92E3A820F67099005950E5 /* UILabel+extension.swift */; };
		ECFD6B1520F3C97B007C009F /* AppDelegate.swift in Sources */ = {isa = PBXBuildFile; fileRef = ECFD6B1420F3C97B007C009F /* AppDelegate.swift */; };
		ECFD6B1720F3C97B007C009F /* ViewController.swift in Sources */ = {isa = PBXBuildFile; fileRef = ECFD6B1620F3C97B007C009F /* ViewController.swift */; };
		ECFD6B1A20F3C97B007C009F /* Main.storyboard in Resources */ = {isa = PBXBuildFile; fileRef = ECFD6B1820F3C97B007C009F /* Main.storyboard */; };
		ECFD6B1C20F3C97C007C009F /* Assets.xcassets in Resources */ = {isa = PBXBuildFile; fileRef = ECFD6B1B20F3C97C007C009F /* Assets.xcassets */; };
		ECFD6B1F20F3C97C007C009F /* LaunchScreen.storyboard in Resources */ = {isa = PBXBuildFile; fileRef = ECFD6B1D20F3C97C007C009F /* LaunchScreen.storyboard */; };
/* End PBXBuildFile section */

/* Begin PBXFileReference section */
		EC92E3A420F66D22005950E5 /* UITextField+extension.swift */ = {isa = PBXFileReference; lastKnownFileType = sourcecode.swift; path = "UITextField+extension.swift"; sourceTree = "<group>"; };
		EC92E3A620F66F14005950E5 /* UIButton+extension.swift */ = {isa = PBXFileReference; lastKnownFileType = sourcecode.swift; path = "UIButton+extension.swift"; sourceTree = "<group>"; };
		EC92E3A820F67099005950E5 /* UILabel+extension.swift */ = {isa = PBXFileReference; lastKnownFileType = sourcecode.swift; path = "UILabel+extension.swift"; sourceTree = "<group>"; };
		ECFD6B1120F3C97B007C009F /* 18-加法计算器.app */ = {isa = PBXFileReference; explicitFileType = wrapper.application; includeInIndex = 0; path = "18-加法计算器.app"; sourceTree = BUILT_PRODUCTS_DIR; };
		ECFD6B1420F3C97B007C009F /* AppDelegate.swift */ = {isa = PBXFileReference; lastKnownFileType = sourcecode.swift; path = AppDelegate.swift; sourceTree = "<group>"; };
		ECFD6B1620F3C97B007C009F /* ViewController.swift */ = {isa = PBXFileReference; lastKnownFileType = sourcecode.swift; path = ViewController.swift; sourceTree = "<group>"; };
		ECFD6B1920F3C97B007C009F /* Base */ = {isa = PBXFileReference; lastKnownFileType = file.storyboard; name = Base; path = Base.lproj/Main.storyboard; sourceTree = "<group>"; };
		ECFD6B1B20F3C97C007C009F /* Assets.xcassets */ = {isa = PBXFileReference; lastKnownFileType = folder.assetcatalog; path = Assets.xcassets; sourceTree = "<group>"; };
		ECFD6B1E20F3C97C007C009F /* Base */ = {isa = PBXFileReference; lastKnownFileType = file.storyboard; name = Base; path = Base.lproj/LaunchScreen.storyboard; sourceTree = "<group>"; };
		ECFD6B2020F3C97C007C009F /* Info.plist */ = {isa = PBXFileReference; lastKnownFileType = text.plist.xml; path = Info.plist; sourceTree = "<group>"; };
/* End PBXFileReference section */

/* Begin PBXFrameworksBuildPhase section */
		ECFD6B0E20F3C97B007C009F /* Frameworks */ = {
			isa = PBXFrameworksBuildPhase;
			buildActionMask = 2147483647;
			files = (
			);
			runOnlyForDeploymentPostprocessing = 0;
		};
/* End PBXFrameworksBuildPhase section */

/* Begin PBXGroup section */
		ECFD6B0820F3C97B007C009F = {
			isa = PBXGroup;
			children = (
				ECFD6B1320F3C97B007C009F /* 18-加法计算器 */,
				ECFD6B1220F3C97B007C009F /* Products */,
			);
			sourceTree = "<group>";
		};
		ECFD6B1220F3C97B007C009F /* Products */ = {
			isa = PBXGroup;
			children = (
				ECFD6B1120F3C97B007C009F /* 18-加法计算器.app */,
			);
			name = Products;
			sourceTree = "<group>";
		};
		ECFD6B1320F3C97B007C009F /* 18-加法计算器 */ = {
			isa = PBXGroup;
			children = (
				ECFD6B1420F3C97B007C009F /* AppDelegate.swift */,
				ECFD6B1620F3C97B007C009F /* ViewController.swift */,
				EC92E3A820F67099005950E5 /* UILabel+extension.swift */,
				EC92E3A620F66F14005950E5 /* UIButton+extension.swift */,
				EC92E3A420F66D22005950E5 /* UITextField+extension.swift */,
				ECFD6B1820F3C97B007C009F /* Main.storyboard */,
				ECFD6B1B20F3C97C007C009F /* Assets.xcassets */,
				ECFD6B1D20F3C97C007C009F /* LaunchScreen.storyboard */,
				ECFD6B2020F3C97C007C009F /* Info.plist */,
			);
			path = "18-加法计算器";
			sourceTree = "<group>";
		};
/* End PBXGroup section */

/* Begin PBXNativeTarget section */
		ECFD6B1020F3C97B007C009F /* 18-加法计算器 */ = {
			isa = PBXNativeTarget;
			buildConfigurationList = ECFD6B2320F3C97C007C009F /* Build configuration list for PBXNativeTarget "18-加法计算器" */;
			buildPhases = (
				ECFD6B0D20F3C97B007C009F /* Sources */,
				ECFD6B0E20F3C97B007C009F /* Frameworks */,
				ECFD6B0F20F3C97B007C009F /* Resources */,
			);
			buildRules = (
			);
			dependencies = (
			);
			name = "18-加法计算器";
			productName = "18-加法计算器";
			productReference = ECFD6B1120F3C97B007C009F /* 18-加法计算器.app */;
			productType = "com.apple.product-type.application";
		};
/* End PBXNativeTarget section */

/* Begin PBXProject section */
		ECFD6B0920F3C97B007C009F /* Project object */ = {
			isa = PBXProject;
			attributes = {
				LastSwiftUpdateCheck = 0940;
				LastUpgradeCheck = 0940;
				ORGANIZATIONNAME = "汪大强";
				TargetAttributes = {
					ECFD6B1020F3C97B007C009F = {
						CreatedOnToolsVersion = 9.4.1;
					};
				};
			};
			buildConfigurationList = ECFD6B0C20F3C97B007C009F /* Build configuration list for PBXProject "18-加法计算器" */;
			compatibilityVersion = "Xcode 9.3";
			developmentRegion = en;
			hasScannedForEncodings = 0;
			knownRegions = (
				en,
				Base,
			);
			mainGroup = ECFD6B0820F3C97B007C009F;
			productRefGroup = ECFD6B1220F3C97B007C009F /* Products */;
			projectDirPath = "";
			projectRoot = "";
			targets = (
				ECFD6B1020F3C97B007C009F /* 18-加法计算器 */,
			);
		};
/* End PBXProject section */

/* Begin PBXResourcesBuildPhase section */
		ECFD6B0F20F3C97B007C009F /* Resources */ = {
			isa = PBXResourcesBuildPhase;
			buildActionMask = 2147483647;
			files = (
				ECFD6B1F20F3C97C007C009F /* LaunchScreen.storyboard in Resources */,
				ECFD6B1C20F3C97C007C009F /* Assets.xcassets in Resources */,
				ECFD6B1A20F3C97B007C009F /* Main.storyboard in Resources */,
			);
			runOnlyForDeploymentPostprocessing = 0;
		};
/* End PBXResourcesBuildPhase section */

/* Begin PBXSourcesBuildPhase section */
		ECFD6B0D20F3C97B007C009F /* Sources */ = {
			isa = PBXSourcesBuildPhase;
			buildActionMask = 2147483647;
			files = (
				EC92E3A920F67099005950E5 /* UILabel+extension.swift in Sources */,
				ECFD6B1720F3C97B007C009F /* ViewController.swift in Sources */,
				EC92E3A720F66F14005950E5 /* UIButton+extension.swift in Sources */,
				EC92E3A520F66D22005950E5 /* UITextField+extension.swift in Sources */,
				ECFD6B1520F3C97B007C009F /* AppDelegate.swift in Sources */,
			);
			runOnlyForDeploymentPostprocessing = 0;
		};
/* End PBXSourcesBuildPhase section */

/* Begin PBXVariantGroup section */
		ECFD6B1820F3C97B007C009F /* Main.storyboard */ = {
			isa = PBXVariantGroup;
			children = (
				ECFD6B1920F3C97B007C009F /* Base */,
			);
			name = Main.storyboard;
			sourceTree = "<group>";
		};
		ECFD6B1D20F3C97C007C009F /* LaunchScreen.storyboard */ = {
			isa = PBXVariantGroup;
			children = (
				ECFD6B1E20F3C97C007C009F /* Base */,
			);
			name = LaunchScreen.storyboard;
			sourceTree = "<group>";
		};
/* End PBXVariantGroup section */

/* Begin XCBuildConfiguration section */
		ECFD6B2120F3C97C007C009F /* Debug */ = {
			isa = XCBuildConfiguration;
			buildSettings = {
				ALWAYS_SEARCH_USER_PATHS = NO;
				CLANG_ANALYZER_NONNULL = YES;
				CLANG_ANALYZER_NUMBER_OBJECT_CONVERSION = YES_AGGRESSIVE;
				CLANG_CXX_LANGUAGE_STANDARD = "gnu++14";
				CLANG_CXX_LIBRARY = "libc++";
				CLANG_ENABLE_MODULES = YES;
				CLANG_ENABLE_OBJC_ARC = YES;
				CLANG_ENABLE_OBJC_WEAK = YES;
				CLANG_WARN_BLOCK_CAPTURE_AUTORELEASING = YES;
				CLANG_WARN_BOOL_CONVERSION = YES;
				CLANG_WARN_COMMA = YES;
				CLANG_WARN_CONSTANT_CONVERSION = YES;
				CLANG_WARN_DEPRECATED_OBJC_IMPLEMENTATIONS = YES;
				CLANG_WARN_DIRECT_OBJC_ISA_USAGE = YES_ERROR;
				CLANG_WARN_DOCUMENTATION_COMMENTS = YES;
				CLANG_WARN_EMPTY_BODY = YES;
				CLANG_WARN_ENUM_CONVERSION = YES;
				CLANG_WARN_INFINITE_RECURSION = YES;
				CLANG_WARN_INT_CONVERSION = YES;
				CLANG_WARN_NON_LITERAL_NULL_CONVERSION = YES;
				CLANG_WARN_OBJC_IMPLICIT_RETAIN_SELF = YES;
				CLANG_WARN_OBJC_LITERAL_CONVERSION = YES;
				CLANG_WARN_OBJC_ROOT_CLASS = YES_ERROR;
				CLANG_WARN_RANGE_LOOP_ANALYSIS = YES;
				CLANG_WARN_STRICT_PROTOTYPES = YES;
				CLANG_WARN_SUSPICIOUS_MOVE = YES;
				CLANG_WARN_UNGUARDED_AVAILABILITY = YES_AGGRESSIVE;
				CLANG_WARN_UNREACHABLE_CODE = YES;
				CLANG_WARN__DUPLICATE_METHOD_MATCH = YES;
				CODE_SIGN_IDENTITY = "iPhone Developer";
				COPY_PHASE_STRIP = NO;
				DEBUG_INFORMATION_FORMAT = dwarf;
				ENABLE_STRICT_OBJC_MSGSEND = YES;
				ENABLE_TESTABILITY = YES;
				GCC_C_LANGUAGE_STANDARD = gnu11;
				GCC_DYNAMIC_NO_PIC = NO;
				GCC_NO_COMMON_BLOCKS = YES;
				GCC_OPTIMIZATION_LEVEL = 0;
				GCC_PREPROCESSOR_DEFINITIONS = (
					"DEBUG=1",
					"$(inherited)",
				);
				GCC_WARN_64_TO_32_BIT_CONVERSION = YES;
				GCC_WARN_ABOUT_RETURN_TYPE = YES_ERROR;
				GCC_WARN_UNDECLARED_SELECTOR = YES;
				GCC_WARN_UNINITIALIZED_AUTOS = YES_AGGRESSIVE;
				GCC_WARN_UNUSED_FUNCTION = YES;
				GCC_WARN_UNUSED_VARIABLE = YES;
				IPHONEOS_DEPLOYMENT_TARGET = 11.4;
				MTL_ENABLE_DEBUG_INFO = YES;
				ONLY_ACTIVE_ARCH = YES;
				SDKROOT = iphoneos;
				SWIFT_ACTIVE_COMPILATION_CONDITIONS = DEBUG;
				SWIFT_OPTIMIZATION_LEVEL = "-Onone";
			};
			name = Debug;
		};
		ECFD6B2220F3C97C007C009F /* Release */ = {
			isa = XCBuildConfiguration;
			buildSettings = {
				ALWAYS_SEARCH_USER_PATHS = NO;
				CLANG_ANALYZER_NONNULL = YES;
				CLANG_ANALYZER_NUMBER_OBJECT_CONVERSION = YES_AGGRESSIVE;
				CLANG_CXX_LANGUAGE_STANDARD = "gnu++14";
				CLANG_CXX_LIBRARY = "libc++";
				CLANG_ENABLE_MODULES = YES;
				CLANG_ENABLE_OBJC_ARC = YES;
				CLANG_ENABLE_OBJC_WEAK = YES;
				CLANG_WARN_BLOCK_CAPTURE_AUTORELEASING = YES;
				CLANG_WARN_BOOL_CONVERSION = YES;
				CLANG_WARN_COMMA = YES;
				CLANG_WARN_CONSTANT_CONVERSION = YES;
				CLANG_WARN_DEPRECATED_OBJC_IMPLEMENTATIONS = YES;
				CLANG_WARN_DIRECT_OBJC_ISA_USAGE = YES_ERROR;
				CLANG_WARN_DOCUMENTATION_COMMENTS = YES;
				CLANG_WARN_EMPTY_BODY = YES;
				CLANG_WARN_ENUM_CONVERSION = YES;
				CLANG_WARN_INFINITE_RECURSION = YES;
				CLANG_WARN_INT_CONVERSION = YES;
				CLANG_WARN_NON_LITERAL_NULL_CONVERSION = YES;
				CLANG_WARN_OBJC_IMPLICIT_RETAIN_SELF = YES;
				CLANG_WARN_OBJC_LITERAL_CONVERSION = YES;
				CLANG_WARN_OBJC_ROOT_CLASS = YES_ERROR;
				CLANG_WARN_RANGE_LOOP_ANALYSIS = YES;
				CLANG_WARN_STRICT_PROTOTYPES = YES;
				CLANG_WARN_SUSPICIOUS_MOVE = YES;
				CLANG_WARN_UNGUARDED_AVAILABILITY = YES_AGGRESSIVE;
				CLANG_WARN_UNREACHABLE_CODE = YES;
				CLANG_WARN__DUPLICATE_METHOD_MATCH = YES;
				CODE_SIGN_IDENTITY = "iPhone Developer";
				COPY_PHASE_STRIP = NO;
				DEBUG_INFORMATION_FORMAT = "dwarf-with-dsym";
				ENABLE_NS_ASSERTIONS = NO;
				ENABLE_STRICT_OBJC_MSGSEND = YES;
				GCC_C_LANGUAGE_STANDARD = gnu11;
				GCC_NO_COMMON_BLOCKS = YES;
				GCC_WARN_64_TO_32_BIT_CONVERSION = YES;
				GCC_WARN_ABOUT_RETURN_TYPE = YES_ERROR;
				GCC_WARN_UNDECLARED_SELECTOR = YES;
				GCC_WARN_UNINITIALIZED_AUTOS = YES_AGGRESSIVE;
				GCC_WARN_UNUSED_FUNCTION = YES;
				GCC_WARN_UNUSED_VARIABLE = YES;
				IPHONEOS_DEPLOYMENT_TARGET = 11.4;
				MTL_ENABLE_DEBUG_INFO = NO;
				SDKROOT = iphoneos;
				SWIFT_COMPILATION_MODE = wholemodule;
				SWIFT_OPTIMIZATION_LEVEL = "-O";
				VALIDATE_PRODUCT = YES;
			};
			name = Release;
		};
		ECFD6B2420F3C97C007C009F /* Debug */ = {
			isa = XCBuildConfiguration;
			buildSettings = {
				ASSETCATALOG_COMPILER_APPICON_NAME = AppIcon;
				CODE_SIGN_STYLE = Automatic;
				DEVELOPMENT_TEAM = PXKRS4XWUT;
				INFOPLIST_FILE = "18-加法计算器/Info.plist";
				LD_RUNPATH_SEARCH_PATHS = (
					"$(inherited)",
					"@executable_path/Frameworks",
				);
				PRODUCT_BUNDLE_IDENTIFIER = "cn.wdq.-8------";
				PRODUCT_NAME = "$(TARGET_NAME)";
				SWIFT_VERSION = 4.0;
				TARGETED_DEVICE_FAMILY = "1,2";
			};
			name = Debug;
		};
		ECFD6B2520F3C97C007C009F /* Release */ = {
			isa = XCBuildConfiguration;
			buildSettings = {
				ASSETCATALOG_COMPILER_APPICON_NAME = AppIcon;
				CODE_SIGN_STYLE = Automatic;
				DEVELOPMENT_TEAM = PXKRS4XWUT;
				INFOPLIST_FILE = "18-加法计算器/Info.plist";
				LD_RUNPATH_SEARCH_PATHS = (
					"$(inherited)",
					"@executable_path/Frameworks",
				);
				PRODUCT_BUNDLE_IDENTIFIER = "cn.wdq.-8------";
				PRODUCT_NAME = "$(TARGET_NAME)";
				SWIFT_VERSION = 4.0;
				TARGETED_DEVICE_FAMILY = "1,2";
			};
			name = Release;
		};
/* End XCBuildConfiguration section */

/* Begin XCConfigurationList section */
		ECFD6B0C20F3C97B007C009F /* Build configuration list for PBXProject "18-加法计算器" */ = {
			isa = XCConfigurationList;
			buildConfigurations = (
				ECFD6B2120F3C97C007C009F /* Debug */,
				ECFD6B2220F3C97C007C009F /* Release */,
			);
			defaultConfigurationIsVisible = 0;
			defaultConfigurationName = Release;
		};
		ECFD6B2320F3C97C007C009F /* Build configuration list for PBXNativeTarget "18-加法计算器" */ = {
			isa = XCConfigurationList;
			buildConfigurations = (
				ECFD6B2420F3C97C007C009F /* Debug */,
				ECFD6B2520F3C97C007C009F /* Release */,
			);
			defaultConfigurationIsVisible = 0;
			defaultConfigurationName = Release;
		};
/* End XCConfigurationList section */
	};
	rootObject = ECFD6B0920F3C97B007C009F /* Project object */;
}
